
Microsoft Visual Studio Solution File, Format Version 12.00
# Visual Studio Version 17
VisualStudioVersion = 17.14.36705.20 d17.14
MinimumVisualStudioVersion = 10.0.40219.1
Project("{FAE04EC0-301F-11D3-BF4B-00C04F79EFBC}") = "AxciomRohan", "AxciomRohan\AxciomRohan.csproj", "{A2F43098-EE78-4259-9B1D-D82E0032E787}"
EndProject
Global
	GlobalSection(SolutionConfigurationPlatforms) = preSolution
		Debug|Any CPU = Debug|Any CPU
		Release|Any CPU = Release|Any CPU
	EndGlobalSection
	GlobalSection(ProjectConfigurationPlatforms) = postSolution
		{A2F43098-EE78-4259-9B1D-D82E0032E787}.Debug|Any CPU.ActiveCfg = Debug|Any CPU
		{A2F43098-EE78-4259-9B1D-D82E0032E787}.Debug|Any CPU.Build.0 = Debug|Any CPU
		{A2F43098-EE78-4259-9B1D-D82E0032E787}.Release|Any CPU.ActiveCfg = Release|Any CPU
		{A2F43098-EE78-4259-9B1D-D82E0032E787}.Release|Any CPU.Build.0 = Release|Any CPU
	EndGlobalSection
	GlobalSection(SolutionProperties) = preSolution
		HideSolutionNode = FALSE
	EndGlobalSection
	GlobalSection(ExtensibilityGlobals) = postSolution
		SolutionGuid = {CD87AC8B-F37B-4F9C-9F83-63BA50DC9C84}
	EndGlobalSection
EndGlobal
